
Microsoft Visual Studio Solution File, Format Version 12.00
# Visual Studio 15
VisualStudioVersion = 15.0.28307.539
MinimumVisualStudioVersion = 10.0.40219.1
Project("{FAE04EC0-301F-11D3-BF4B-00C04F79EFBC}") = "WebCalculator.Web", "WebCalculator\WebCalculator.Web.csproj", "{A095CD2E-1E23-4663-AFF9-6033DCCF0339}"
EndProject
Project("{FAE04EC0-301F-11D3-BF4B-00C04F79EFBC}") = "WebCalculator.Domain", "WebCalculator.Domain\WebCalculator.Domain.csproj", "{B9AC4E15-FCF2-4239-94C9-867ED872C7B9}"
EndProject
Project("{FAE04EC0-301F-11D3-BF4B-00C04F79EFBC}") = "WebCalculator.Domain.Tests", "WebCalculator.Domain.Tests\WebCalculator.Domain.Tests.csproj", "{1CDB08C8-2BB7-4B1A-857A-E0FD65902061}"
EndProject
Global
	GlobalSection(SolutionConfigurationPlatforms) = preSolution
		Debug|Any CPU = Debug|Any CPU
		Release|Any CPU = Release|Any CPU
	EndGlobalSection
	GlobalSection(ProjectConfigurationPlatforms) = postSolution
		{A095CD2E-1E23-4663-AFF9-6033DCCF0339}.Debug|Any CPU.ActiveCfg = Debug|Any CPU
		{A095CD2E-1E23-4663-AFF9-6033DCCF0339}.Debug|Any CPU.Build.0 = Debug|Any CPU
		{A095CD2E-1E23-4663-AFF9-6033DCCF0339}.Release|Any CPU.ActiveCfg = Release|Any CPU
		{A095CD2E-1E23-4663-AFF9-6033DCCF0339}.Release|Any CPU.Build.0 = Release|Any CPU
		{B9AC4E15-FCF2-4239-94C9-867ED872C7B9}.Debug|Any CPU.ActiveCfg = Debug|Any CPU
		{B9AC4E15-FCF2-4239-94C9-867ED872C7B9}.Debug|Any CPU.Build.0 = Debug|Any CPU
		{B9AC4E15-FCF2-4239-94C9-867ED872C7B9}.Release|Any CPU.ActiveCfg = Release|Any CPU
		{B9AC4E15-FCF2-4239-94C9-867ED872C7B9}.Release|Any CPU.Build.0 = Release|Any CPU
		{1CDB08C8-2BB7-4B1A-857A-E0FD65902061}.Debug|Any CPU.ActiveCfg = Debug|Any CPU
		{1CDB08C8-2BB7-4B1A-857A-E0FD65902061}.Debug|Any CPU.Build.0 = Debug|Any CPU
		{1CDB08C8-2BB7-4B1A-857A-E0FD65902061}.Release|Any CPU.ActiveCfg = Release|Any CPU
		{1CDB08C8-2BB7-4B1A-857A-E0FD65902061}.Release|Any CPU.Build.0 = Release|Any CPU
	EndGlobalSection
	GlobalSection(SolutionProperties) = preSolution
		HideSolutionNode = FALSE
	EndGlobalSection
	GlobalSection(ExtensibilityGlobals) = postSolution
		SolutionGuid = {DE144EC2-C575-48C0-9F43-72FD11F0B32C}
	EndGlobalSection
EndGlobal
